
Microsoft Visual Studio Solution File, Format Version 12.00
Project("{FAE04EC0-301F-11D3-BF4B-00C04F79EFBC}") = "GitHub-RESTapi", "GitHub-RESTapi\GitHub-RESTapi.csproj", "{1B2854DF-AC53-4DEB-9576-FECFDBBABA72}"
EndProject
Global
	GlobalSection(SolutionConfigurationPlatforms) = preSolution
		Debug|Any CPU = Debug|Any CPU
		Release|Any CPU = Release|Any CPU
	EndGlobalSection
	GlobalSection(ProjectConfigurationPlatforms) = postSolution
		{1B2854DF-AC53-4DEB-9576-FECFDBBABA72}.Debug|Any CPU.ActiveCfg = Debug|Any CPU
		{1B2854DF-AC53-4DEB-9576-FECFDBBABA72}.Debug|Any CPU.Build.0 = Debug|Any CPU
		{1B2854DF-AC53-4DEB-9576-FECFDBBABA72}.Release|Any CPU.ActiveCfg = Release|Any CPU
		{1B2854DF-AC53-4DEB-9576-FECFDBBABA72}.Release|Any CPU.Build.0 = Release|Any CPU
	EndGlobalSection
EndGlobal
